
Microsoft Visual Studio Solution File, Format Version 12.00
# Visual Studio Version 17
VisualStudioVersion = 17.8.34525.116
MinimumVisualStudioVersion = 10.0.40219.1
Project("{9A19103F-16F7-4668-BE54-9A1E7A4F7556}") = "HomeBankingMindHub", "HomeBankingMindHub.csproj", "{C12F3604-FF46-4F0B-966E-A071DAFB0D85}"
EndProject
Global
	GlobalSection(SolutionConfigurationPlatforms) = preSolution
		Debug|Any CPU = Debug|Any CPU
		Release|Any CPU = Release|Any CPU
	EndGlobalSection
	GlobalSection(ProjectConfigurationPlatforms) = postSolution
		{C12F3604-FF46-4F0B-966E-A071DAFB0D85}.Debug|Any CPU.ActiveCfg = Debug|Any CPU
		{C12F3604-FF46-4F0B-966E-A071DAFB0D85}.Debug|Any CPU.Build.0 = Debug|Any CPU
		{C12F3604-FF46-4F0B-966E-A071DAFB0D85}.Release|Any CPU.ActiveCfg = Release|Any CPU
		{C12F3604-FF46-4F0B-966E-A071DAFB0D85}.Release|Any CPU.Build.0 = Release|Any CPU
	EndGlobalSection
	GlobalSection(SolutionProperties) = preSolution
		HideSolutionNode = FALSE
	EndGlobalSection
	GlobalSection(ExtensibilityGlobals) = postSolution
		SolutionGuid = {44199DDC-5078-4AAC-99ED-AD6B27D4A76D}
	EndGlobalSection
EndGlobal
